Microsoft Visual Studio Solution File, Format Version 11.00
# Visual Studio 2008

Project("{E9BDFD83-A761-D04C-4D14-16FF2E2C8F27}") = "gametopiaProjectFinal2D", "Assembly-CSharp.csproj", "{773FE088-CD07-EA0B-A51B-CCCFEB759AD6}"
EndProject
Global
	GlobalSection(SolutionConfigurationPlatforms) = preSolution
		Debug|Any CPU = Debug|Any CPU
		Release|Any CPU = Release|Any CPU
	EndGlobalSection
	GlobalSection(ProjectConfigurationPlatforms) = postSolution
		{773FE088-CD07-EA0B-A51B-CCCFEB759AD6}.Debug|Any CPU.ActiveCfg = Debug|Any CPU
		{773FE088-CD07-EA0B-A51B-CCCFEB759AD6}.Debug|Any CPU.Build.0 = Debug|Any CPU
		{773FE088-CD07-EA0B-A51B-CCCFEB759AD6}.Release|Any CPU.ActiveCfg = Release|Any CPU
		{773FE088-CD07-EA0B-A51B-CCCFEB759AD6}.Release|Any CPU.Build.0 = Release|Any CPU
	EndGlobalSection
	GlobalSection(SolutionProperties) = preSolution
		HideSolutionNode = FALSE
	EndGlobalSection
	GlobalSection(MonoDevelopProperties) = preSolution
		StartupItem = Assembly-CSharp.csproj
	EndGlobalSection
EndGlobal
